{
  "name": "@scramjet/example",
  "version": "0.2.0",
  "lockfileVersion": 2,
  "requires": true,
  "packages": {
    "": {
      "name": "@scramjet/example",
      "version": "0.2.0",
      "license": "GPL-3.0",
      "dependencies": {
        "scramjet": "^4.35.12"
      },
      "engines": {
        "node": ">=10",
        "scramjet": ">=0.9"
      }
    },
    "node_modules/papaparse": {
      "version": "5.3.0",
      "resolved": "https://registry.npmjs.org/papaparse/-/papaparse-5.3.0.tgz",
      "integrity": "sha512-Lb7jN/4bTpiuGPrYy4tkKoUS8sTki8zacB5ke1p5zolhcSE4TlWgrlsxjrDTbG/dFVh07ck7X36hUf/b5V68pg=="
    },
    "node_modules/rereadable-stream": {
      "version": "1.4.6",
      "resolved": "https://registry.npmjs.org/rereadable-stream/-/rereadable-stream-1.4.6.tgz",
      "integrity": "sha512-f/V6rcorkUEEEE6+OrWccYQqb8CgA/dRzT7ZhIsUUeIELl/Tkh9+XDygLEvZRtBRd61241ZSsGV1em4j92pseA==",
      "engines": {
        "node": ">=8.6.0"
      }
    },
    "node_modules/scramjet": {
      "version": "4.35.12",
      "resolved": "https://registry.npmjs.org/scramjet/-/scramjet-4.35.12.tgz",
      "integrity": "sha512-p80kOKrjjFifv0/8+sBvs3goUbvwDo6Nq9aiGqTiSL5sn95pSh9S5Mk+lC3vN2dTMFYYTfmuiaag1PjE8ddsuw==",
      "dependencies": {
        "papaparse": "^5.3.0",
        "rereadable-stream": "^1.4.5",
        "scramjet-core": "^4.31.12"
      },
      "engines": {
        "node": ">=10.0.0"
      }
    },
    "node_modules/scramjet-core": {
      "version": "4.31.12",
      "resolved": "https://registry.npmjs.org/scramjet-core/-/scramjet-core-4.31.12.tgz",
      "integrity": "sha512-E+LuR1jQQjqPAfErwjVvPM7IXUYsZxIGSXjPX1P9HWMxeWxbnjmwgnkdzsNmM6IjmRocoAZEFEI1z8L2H82iJg==",
      "engines": {
        "node": ">=10.0.0"
      }
    }
  },
  "dependencies": {
    "papaparse": {
      "version": "5.3.0",
      "resolved": "https://registry.npmjs.org/papaparse/-/papaparse-5.3.0.tgz",
      "integrity": "sha512-Lb7jN/4bTpiuGPrYy4tkKoUS8sTki8zacB5ke1p5zolhcSE4TlWgrlsxjrDTbG/dFVh07ck7X36hUf/b5V68pg=="
    },
    "rereadable-stream": {
      "version": "1.4.6",
      "resolved": "https://registry.npmjs.org/rereadable-stream/-/rereadable-stream-1.4.6.tgz",
      "integrity": "sha512-f/V6rcorkUEEEE6+OrWccYQqb8CgA/dRzT7ZhIsUUeIELl/Tkh9+XDygLEvZRtBRd61241ZSsGV1em4j92pseA=="
    },
    "scramjet": {
      "version": "4.35.12",
      "resolved": "https://registry.npmjs.org/scramjet/-/scramjet-4.35.12.tgz",
      "integrity": "sha512-p80kOKrjjFifv0/8+sBvs3goUbvwDo6Nq9aiGqTiSL5sn95pSh9S5Mk+lC3vN2dTMFYYTfmuiaag1PjE8ddsuw==",
      "requires": {
        "papaparse": "^5.3.0",
        "rereadable-stream": "^1.4.5",
        "scramjet-core": "^4.31.12"
      }
    },
    "scramjet-core": {
      "version": "4.31.12",
      "resolved": "https://registry.npmjs.org/scramjet-core/-/scramjet-core-4.31.12.tgz",
      "integrity": "sha512-E+LuR1jQQjqPAfErwjVvPM7IXUYsZxIGSXjPX1P9HWMxeWxbnjmwgnkdzsNmM6IjmRocoAZEFEI1z8L2H82iJg=="
    }
  }
}
