{
  "name": "@scramjet/deploy-app",
  "version": "0.23.2",
  "lockfileVersion": 2,
  "requires": true,
  "packages": {
    "": {
      "name": "@scramjet/deploy-app",
      "version": "0.23.2",
      "license": "ISC",
      "devDependencies": {
        "@scramjet/types": "^0.23.2",
        "@types/node": "15.12.5"
      }
    },
    "node_modules/@scramjet/symbols": {
      "version": "0.23.2",
      "resolved": "https://registry.npmjs.org/@scramjet/symbols/-/symbols-0.23.2.tgz",
      "integrity": "sha512-K7rmDPZDw+zDJ8sLRUaGyR+yYQQJis676HdveXt9jfYv9TpT4zP5zczFjHf74ZLbE4DTBEWDs2YRxlQsFQzVfg==",
      "dev": true
    },
    "node_modules/@scramjet/types": {
      "version": "0.23.2",
      "resolved": "https://registry.npmjs.org/@scramjet/types/-/types-0.23.2.tgz",
      "integrity": "sha512-t0VW7u9DEd9bs8tvgz0jPvIDGNTiJ3ehUMmdS1BWZt+wvX9HVMserhlAtfLAAPkzsW68v8nRz0+/BOUuSGx1pg==",
      "dev": true,
      "dependencies": {
        "@scramjet/symbols": "^0.23.2",
        "http-status-codes": "^2.2.0"
      }
    },
    "node_modules/@types/node": {
      "version": "15.12.5",
      "resolved": "https://registry.npmjs.org/@types/node/-/node-15.12.5.tgz",
      "integrity": "sha512-se3yX7UHv5Bscf8f1ERKvQOD6sTyycH3hdaoozvaLxgUiY5lIGEeH37AD0G0Qi9kPqihPn0HOfd2yaIEN9VwEg==",
      "dev": true
    },
    "node_modules/http-status-codes": {
      "version": "2.2.0",
      "resolved": "https://registry.npmjs.org/http-status-codes/-/http-status-codes-2.2.0.tgz",
      "integrity": "sha512-feERVo9iWxvnejp3SEfm/+oNG517npqL2/PIA8ORjyOZjGC7TwCRQsZylciLS64i6pJ0wRYz3rkXLRwbtFa8Ng==",
      "dev": true
    }
  },
  "dependencies": {
    "@scramjet/symbols": {
      "version": "0.23.2",
      "resolved": "https://registry.npmjs.org/@scramjet/symbols/-/symbols-0.23.2.tgz",
      "integrity": "sha512-K7rmDPZDw+zDJ8sLRUaGyR+yYQQJis676HdveXt9jfYv9TpT4zP5zczFjHf74ZLbE4DTBEWDs2YRxlQsFQzVfg==",
      "dev": true
    },
    "@scramjet/types": {
      "version": "0.23.2",
      "resolved": "https://registry.npmjs.org/@scramjet/types/-/types-0.23.2.tgz",
      "integrity": "sha512-t0VW7u9DEd9bs8tvgz0jPvIDGNTiJ3ehUMmdS1BWZt+wvX9HVMserhlAtfLAAPkzsW68v8nRz0+/BOUuSGx1pg==",
      "dev": true,
      "requires": {
        "@scramjet/symbols": "^0.23.2",
        "http-status-codes": "^2.2.0"
      }
    },
    "@types/node": {
      "version": "15.12.5",
      "resolved": "https://registry.npmjs.org/@types/node/-/node-15.12.5.tgz",
      "integrity": "sha512-se3yX7UHv5Bscf8f1ERKvQOD6sTyycH3hdaoozvaLxgUiY5lIGEeH37AD0G0Qi9kPqihPn0HOfd2yaIEN9VwEg==",
      "dev": true
    },
    "http-status-codes": {
      "version": "2.2.0",
      "resolved": "https://registry.npmjs.org/http-status-codes/-/http-status-codes-2.2.0.tgz",
      "integrity": "sha512-feERVo9iWxvnejp3SEfm/+oNG517npqL2/PIA8ORjyOZjGC7TwCRQsZylciLS64i6pJ0wRYz3rkXLRwbtFa8Ng==",
      "dev": true
    }
  }
}
