{
    "name": "@scramjet/model",
    "version": "1.0.0",
    "lockfileVersion": 2,
    "requires": true,
    "packages": {
        "": {
            "name": "@scramjet/model",
            "version": "1.0.0",
            "license": "AGPL-3.0",
            "devDependencies": {
                "@scramjet/types": "file:../types",
                "@types/node": "^14.14.22"
            }
        },
        "../types": {
            "version": "0.0.0",
            "dev": true,
            "license": "AGPL-3.0",
            "devDependencies": {
                "@scramjet/symbols": "file:../symbols",
                "@types/node": "^14.14.22",
                "scramjet": "^4.35.11"
            }
        },
        "node_modules/@scramjet/types": {
            "resolved": "../types",
            "link": true
        },
        "node_modules/@types/node": {
            "version": "14.14.22",
            "resolved": "https://registry.npmjs.org/@types/node/-/node-14.14.22.tgz",
            "integrity": "sha512-g+f/qj/cNcqKkc3tFqlXOYjrmZA+jNBiDzbP3kH+B+otKFqAdPgVTGP1IeKRdMml/aE69as5S4FqtxAbl+LaMw==",
            "dev": true
        }
    },
    "dependencies": {
        "@scramjet/types": {
            "version": "file:../types",
            "requires": {
                "@scramjet/symbols": "file:../symbols",
                "@types/node": "^14.14.22",
                "scramjet": "^4.35.11"
            }
        },
        "@types/node": {
            "version": "14.14.22",
            "resolved": "https://registry.npmjs.org/@types/node/-/node-14.14.22.tgz",
            "integrity": "sha512-g+f/qj/cNcqKkc3tFqlXOYjrmZA+jNBiDzbP3kH+B+otKFqAdPgVTGP1IeKRdMml/aE69as5S4FqtxAbl+LaMw==",
            "dev": true
        }
    }
}
