{
  "name": "@scramjet/csi-types",
  "version": "0.0.0",
  "lockfileVersion": 1,
  "requires": true,
  "dependencies": {
    "@scramjet/symbols": {
      "version": "file:../symbols",
      "dev": true
    },
    "@types/node": {
      "version": "14.14.22",
      "resolved": "https://registry.npmjs.org/@types/node/-/node-14.14.22.tgz",
      "integrity": "sha512-g+f/qj/cNcqKkc3tFqlXOYjrmZA+jNBiDzbP3kH+B+otKFqAdPgVTGP1IeKRdMml/aE69as5S4FqtxAbl+LaMw==",
      "dev": true
    },
    "papaparse": {
      "version": "5.3.0",
      "resolved": "https://registry.npmjs.org/papaparse/-/papaparse-5.3.0.tgz",
      "integrity": "sha512-Lb7jN/4bTpiuGPrYy4tkKoUS8sTki8zacB5ke1p5zolhcSE4TlWgrlsxjrDTbG/dFVh07ck7X36hUf/b5V68pg==",
      "dev": true
    },
    "rereadable-stream": {
      "version": "1.4.5",
      "resolved": "https://registry.npmjs.org/rereadable-stream/-/rereadable-stream-1.4.5.tgz",
      "integrity": "sha512-hgVjbKq65Ynx4FAYTZaNjy0Oy9z+VPEmSYE1087k+P0dGbKUK+ZtFmIoMHXZ7TdjnR8u5y8/ecaDVbpypD6X1w==",
      "dev": true
    },
    "scramjet": {
      "version": "4.35.11",
      "resolved": "https://registry.npmjs.org/scramjet/-/scramjet-4.35.11.tgz",
      "integrity": "sha512-bVWetDhj0FNmUZpvMpNhikSzjfOe6kKpSTu6E4lhbqQvnYiataRnWwgFeGcYtfRSCz0QmMiQcTjNbriAYI7xZg==",
      "dev": true,
      "requires": {
        "papaparse": "^5.3.0",
        "rereadable-stream": "^1.4.5",
        "scramjet-core": "^4.31.9"
      }
    },
    "scramjet-core": {
      "version": "4.31.10",
      "resolved": "https://registry.npmjs.org/scramjet-core/-/scramjet-core-4.31.10.tgz",
      "integrity": "sha512-vD7g4OgxrwQDsV/Vsbesdn747yd+gIvHWO55fspgx8D3kz9gzOZSv9aYSxfbGvLTpoZwAkknJHkTiWOU0QXlCA==",
      "dev": true
    }
  }
}
